
Microsoft Visual Studio Solution File, Format Version 12.00
# Visual Studio Version 18
VisualStudioVersion = 18.3.11222.16
MinimumVisualStudioVersion = 10.0.40219.1
Project("{9A19103F-16F7-4668-BE54-9A1E7A4F7556}") = "SelfHostedHelper", "SelfHostedHelper\SelfHostedHelper.csproj", "{78CE8C8E-518F-4CBC-A6C8-4258E46211EB}"
EndProject
Project("{C7167F0D-BC9F-4E6E-AFE1-012C56B48DB5}") = "SelfHostedHelperMSIX", "SelfHostedHelperMSIX\SelfHostedHelperMSIX.wapproj", "{96DCE2CC-C1BD-4624-A98C-3C15704174D5}"
EndProject
Global
	GlobalSection(SolutionConfigurationPlatforms) = preSolution
		Debug|Any CPU = Debug|Any CPU
		Debug|ARM = Debug|ARM
		Debug|ARM64 = Debug|ARM64
		Debug|x64 = Debug|x64
		Debug|x86 = Debug|x86
		GitHub Release|Any CPU = GitHub Release|Any CPU
		GitHub Release|ARM = GitHub Release|ARM
		GitHub Release|ARM64 = GitHub Release|ARM64
		GitHub Release|x64 = GitHub Release|x64
		GitHub Release|x86 = GitHub Release|x86
		Release|Any CPU = Release|Any CPU
		Release|ARM = Release|ARM
		Release|ARM64 = Release|ARM64
		Release|x64 = Release|x64
		Release|x86 = Release|x86
	EndGlobalSection
	GlobalSection(ProjectConfigurationPlatforms) = postSolution
		{78CE8C8E-518F-4CBC-A6C8-4258E46211EB}.Debug|Any CPU.ActiveCfg = Debug|x64
		{78CE8C8E-518F-4CBC-A6C8-4258E46211EB}.Debug|Any CPU.Build.0 = Debug|x64
		{78CE8C8E-518F-4CBC-A6C8-4258E46211EB}.Debug|ARM.ActiveCfg = Debug|x64
		{78CE8C8E-518F-4CBC-A6C8-4258E46211EB}.Debug|ARM.Build.0 = Debug|x64
		{78CE8C8E-518F-4CBC-A6C8-4258E46211EB}.Debug|ARM64.ActiveCfg = Debug|ARM64
		{78CE8C8E-518F-4CBC-A6C8-4258E46211EB}.Debug|ARM64.Build.0 = Debug|ARM64
		{78CE8C8E-518F-4CBC-A6C8-4258E46211EB}.Debug|x64.ActiveCfg = Debug|x64
		{78CE8C8E-518F-4CBC-A6C8-4258E46211EB}.Debug|x64.Build.0 = Debug|x64
		{78CE8C8E-518F-4CBC-A6C8-4258E46211EB}.Debug|x86.ActiveCfg = Debug|x64
		{78CE8C8E-518F-4CBC-A6C8-4258E46211EB}.Debug|x86.Build.0 = Debug|x64
		{78CE8C8E-518F-4CBC-A6C8-4258E46211EB}.GitHub Release|Any CPU.ActiveCfg = GitHub Release|x64
		{78CE8C8E-518F-4CBC-A6C8-4258E46211EB}.GitHub Release|Any CPU.Build.0 = GitHub Release|x64
		{78CE8C8E-518F-4CBC-A6C8-4258E46211EB}.GitHub Release|ARM.ActiveCfg = GitHub Release|x64
		{78CE8C8E-518F-4CBC-A6C8-4258E46211EB}.GitHub Release|ARM.Build.0 = GitHub Release|x64
		{78CE8C8E-518F-4CBC-A6C8-4258E46211EB}.GitHub Release|ARM64.ActiveCfg = GitHub Release|ARM64
		{78CE8C8E-518F-4CBC-A6C8-4258E46211EB}.GitHub Release|ARM64.Build.0 = GitHub Release|ARM64
		{78CE8C8E-518F-4CBC-A6C8-4258E46211EB}.GitHub Release|x64.ActiveCfg = GitHub Release|x64
		{78CE8C8E-518F-4CBC-A6C8-4258E46211EB}.GitHub Release|x64.Build.0 = GitHub Release|x64
		{78CE8C8E-518F-4CBC-A6C8-4258E46211EB}.GitHub Release|x86.ActiveCfg = GitHub Release|x64
		{78CE8C8E-518F-4CBC-A6C8-4258E46211EB}.GitHub Release|x86.Build.0 = GitHub Release|x64
		{78CE8C8E-518F-4CBC-A6C8-4258E46211EB}.Release|Any CPU.ActiveCfg = Release|x64
		{78CE8C8E-518F-4CBC-A6C8-4258E46211EB}.Release|Any CPU.Build.0 = Release|x64
		{78CE8C8E-518F-4CBC-A6C8-4258E46211EB}.Release|ARM.ActiveCfg = Release|x64
		{78CE8C8E-518F-4CBC-A6C8-4258E46211EB}.Release|ARM.Build.0 = Release|x64
		{78CE8C8E-518F-4CBC-A6C8-4258E46211EB}.Release|ARM64.ActiveCfg = Release|ARM64
		{78CE8C8E-518F-4CBC-A6C8-4258E46211EB}.Release|ARM64.Build.0 = Release|ARM64
		{78CE8C8E-518F-4CBC-A6C8-4258E46211EB}.Release|x64.ActiveCfg = Release|x64
		{78CE8C8E-518F-4CBC-A6C8-4258E46211EB}.Release|x64.Build.0 = Release|x64
		{78CE8C8E-518F-4CBC-A6C8-4258E46211EB}.Release|x86.ActiveCfg = Release|x64
		{78CE8C8E-518F-4CBC-A6C8-4258E46211EB}.Release|x86.Build.0 = Release|x64
		{96DCE2CC-C1BD-4624-A98C-3C15704174D5}.Debug|Any CPU.ActiveCfg = Debug|x64
		{96DCE2CC-C1BD-4624-A98C-3C15704174D5}.Debug|Any CPU.Build.0 = Debug|x64
		{96DCE2CC-C1BD-4624-A98C-3C15704174D5}.Debug|Any CPU.Deploy.0 = Debug|x64
		{96DCE2CC-C1BD-4624-A98C-3C15704174D5}.Debug|ARM.ActiveCfg = Debug|ARM
		{96DCE2CC-C1BD-4624-A98C-3C15704174D5}.Debug|ARM.Build.0 = Debug|ARM
		{96DCE2CC-C1BD-4624-A98C-3C15704174D5}.Debug|ARM.Deploy.0 = Debug|ARM
		{96DCE2CC-C1BD-4624-A98C-3C15704174D5}.Debug|ARM64.ActiveCfg = Debug|ARM64
		{96DCE2CC-C1BD-4624-A98C-3C15704174D5}.Debug|ARM64.Build.0 = Debug|ARM64
		{96DCE2CC-C1BD-4624-A98C-3C15704174D5}.Debug|ARM64.Deploy.0 = Debug|ARM64
		{96DCE2CC-C1BD-4624-A98C-3C15704174D5}.Debug|x64.ActiveCfg = Debug|x64
		{96DCE2CC-C1BD-4624-A98C-3C15704174D5}.Debug|x64.Build.0 = Debug|x64
		{96DCE2CC-C1BD-4624-A98C-3C15704174D5}.Debug|x64.Deploy.0 = Debug|x64
		{96DCE2CC-C1BD-4624-A98C-3C15704174D5}.Debug|x86.ActiveCfg = Debug|x86
		{96DCE2CC-C1BD-4624-A98C-3C15704174D5}.Debug|x86.Build.0 = Debug|x86
		{96DCE2CC-C1BD-4624-A98C-3C15704174D5}.Debug|x86.Deploy.0 = Debug|x86
		{96DCE2CC-C1BD-4624-A98C-3C15704174D5}.GitHub Release|Any CPU.ActiveCfg = GitHub Release|Any CPU
		{96DCE2CC-C1BD-4624-A98C-3C15704174D5}.GitHub Release|Any CPU.Build.0 = GitHub Release|Any CPU
		{96DCE2CC-C1BD-4624-A98C-3C15704174D5}.GitHub Release|Any CPU.Deploy.0 = GitHub Release|Any CPU
		{96DCE2CC-C1BD-4624-A98C-3C15704174D5}.GitHub Release|ARM.ActiveCfg = GitHub Release|ARM
		{96DCE2CC-C1BD-4624-A98C-3C15704174D5}.GitHub Release|ARM.Build.0 = GitHub Release|ARM
		{96DCE2CC-C1BD-4624-A98C-3C15704174D5}.GitHub Release|ARM.Deploy.0 = GitHub Release|ARM
		{96DCE2CC-C1BD-4624-A98C-3C15704174D5}.GitHub Release|ARM64.ActiveCfg = GitHub Release|ARM64
		{96DCE2CC-C1BD-4624-A98C-3C15704174D5}.GitHub Release|ARM64.Build.0 = GitHub Release|ARM64
		{96DCE2CC-C1BD-4624-A98C-3C15704174D5}.GitHub Release|ARM64.Deploy.0 = GitHub Release|ARM64
		{96DCE2CC-C1BD-4624-A98C-3C15704174D5}.GitHub Release|x64.ActiveCfg = GitHub Release|x64
		{96DCE2CC-C1BD-4624-A98C-3C15704174D5}.GitHub Release|x64.Build.0 = GitHub Release|x64
		{96DCE2CC-C1BD-4624-A98C-3C15704174D5}.GitHub Release|x64.Deploy.0 = GitHub Release|x64
		{96DCE2CC-C1BD-4624-A98C-3C15704174D5}.GitHub Release|x86.ActiveCfg = GitHub Release|x86
		{96DCE2CC-C1BD-4624-A98C-3C15704174D5}.GitHub Release|x86.Build.0 = GitHub Release|x86
		{96DCE2CC-C1BD-4624-A98C-3C15704174D5}.GitHub Release|x86.Deploy.0 = GitHub Release|x86
		{96DCE2CC-C1BD-4624-A98C-3C15704174D5}.Release|Any CPU.ActiveCfg = Release|Any CPU
		{96DCE2CC-C1BD-4624-A98C-3C15704174D5}.Release|Any CPU.Build.0 = Release|Any CPU
		{96DCE2CC-C1BD-4624-A98C-3C15704174D5}.Release|Any CPU.Deploy.0 = Release|Any CPU
		{96DCE2CC-C1BD-4624-A98C-3C15704174D5}.Release|ARM.ActiveCfg = Release|ARM
		{96DCE2CC-C1BD-4624-A98C-3C15704174D5}.Release|ARM.Build.0 = Release|ARM
		{96DCE2CC-C1BD-4624-A98C-3C15704174D5}.Release|ARM.Deploy.0 = Release|ARM
		{96DCE2CC-C1BD-4624-A98C-3C15704174D5}.Release|ARM64.ActiveCfg = Release|ARM64
		{96DCE2CC-C1BD-4624-A98C-3C15704174D5}.Release|ARM64.Build.0 = Release|ARM64
		{96DCE2CC-C1BD-4624-A98C-3C15704174D5}.Release|ARM64.Deploy.0 = Release|ARM64
		{96DCE2CC-C1BD-4624-A98C-3C15704174D5}.Release|x64.ActiveCfg = Release|x64
		{96DCE2CC-C1BD-4624-A98C-3C15704174D5}.Release|x64.Build.0 = Release|x64
		{96DCE2CC-C1BD-4624-A98C-3C15704174D5}.Release|x64.Deploy.0 = Release|x64
		{96DCE2CC-C1BD-4624-A98C-3C15704174D5}.Release|x86.ActiveCfg = Release|x86
		{96DCE2CC-C1BD-4624-A98C-3C15704174D5}.Release|x86.Build.0 = Release|x86
		{96DCE2CC-C1BD-4624-A98C-3C15704174D5}.Release|x86.Deploy.0 = Release|x86
	EndGlobalSection
	GlobalSection(SolutionProperties) = preSolution
		HideSolutionNode = FALSE
	EndGlobalSection
	GlobalSection(ExtensibilityGlobals) = postSolution
		SolutionGuid = {D343E6C6-C65B-4823-8F57-DF222C0813D9}
	EndGlobalSection
EndGlobal

